<?xml version="1.0" encoding="utf-8"?>
<Project ToolsVersion="4.0" xmlns="http://schemas.microsoft.com/developer/msbuild/2003">
  <ItemGroup>
    <Filter Include="Source Files">
      <UniqueIdentifier>{6b6782bf-57a3-42f9-b4f4-e4fc286bd5c6}</UniqueIdentifier>
      <Extensions>cpp</Extensions>
    </Filter>
    <Filter Include="Header Files">
      <UniqueIdentifier>{7bc1ce1a-5144-4094-8c60-e2fdfdf02253}</UniqueIdentifier>
      <Extensions>h</Extensions>
    </Filter>
  </ItemGroup>
  <ItemGroup>
    <ClCompile Include="..\cu.cpp">
      <Filter>Source Files</Filter>
    </ClCompile>
    <ClCompile Include="..\bandwidth.cpp">
      <Filter>Source Files</Filter>
    </ClCompile>
  </ItemGroup>
  <ItemGroup>
    <ClInclude Include="..\cu.h">
      <Filter>Header Files</Filter>
    </ClInclude>
    <ClInclude Include="..\ieeeconvert.h">
      <Filter>Header Files</Filter>
    </ClInclude>
    <ClInclude Include="..\ensure.h">
      <Filter>Header Files</Filter>
    </ClInclude>
  </ItemGroup>
</Project>